# THIS IS AN AUTOGENERATED FILE. DO NOT EDIT THIS FILE DIRECTLY.
# yarn lockfile v1


"copyFromDataLayer@file:local_modules/copyFromDataLayer":
  version "1.0.0"

"createQueue@file:local_modules/createQueue":
  version "1.0.0"

"getType@file:local_modules/getType":
  version "1.0.0"

"logToConsole@file:local_modules/logToConsole":
  version "1.0.0"
