# THIS IS AN AUTOGENERATED FILE. DO NOT EDIT THIS FILE DIRECTLY.
# yarn lockfile v1


"addEventCallback@file:local_modules/addEventCallback":
  version "1.0.0"

"copyFromDataLayer@file:local_modules/copyFromDataLayer":
  version "1.0.0"

"copyFromWindow@file:local_modules/copyFromWindow":
  version "1.0.0"

"createQueue@file:local_modules/createQueue":
  version "1.0.0"

"encodeUriComponent@file:local_modules/encodeUriComponent":
  version "1.0.0"

"getCookieValues@file:local_modules/getCookieValues":
  version "1.0.0"

"getType@file:local_modules/getType":
  version "1.0.0"

"getUrl@file:local_modules/getUrl":
  version "1.0.0"

"logToConsole@file:local_modules/logToConsole":
  version "1.0.0"

"sendPixel@file:local_modules/sendPixel":
  version "1.0.0"

"setInWindow@file:local_modules/setInWindow":
  version "1.0.0"
